
Microsoft Visual Studio Solution File, Format Version 12.00
# Visual Studio Version 17
VisualStudioVersion = 17.14.36109.1 d17.14
MinimumVisualStudioVersion = 10.0.40219.1
Project("{FAE04EC0-301F-11D3-BF4B-00C04F79EFBC}") = "AppAZ40012", "AppAZ40012\AppAZ40012.csproj", "{BBF598E3-CF78-4C15-9543-3C9351B85809}"
EndProject
Global
	GlobalSection(SolutionConfigurationPlatforms) = preSolution
		Debug|Any CPU = Debug|Any CPU
		Release|Any CPU = Release|Any CPU
	EndGlobalSection
	GlobalSection(ProjectConfigurationPlatforms) = postSolution
		{BBF598E3-CF78-4C15-9543-3C9351B85809}.Debug|Any CPU.ActiveCfg = Debug|Any CPU
		{BBF598E3-CF78-4C15-9543-3C9351B85809}.Debug|Any CPU.Build.0 = Debug|Any CPU
		{BBF598E3-CF78-4C15-9543-3C9351B85809}.Release|Any CPU.ActiveCfg = Release|Any CPU
		{BBF598E3-CF78-4C15-9543-3C9351B85809}.Release|Any CPU.Build.0 = Release|Any CPU
	EndGlobalSection
	GlobalSection(SolutionProperties) = preSolution
		HideSolutionNode = FALSE
	EndGlobalSection
	GlobalSection(ExtensibilityGlobals) = postSolution
		SolutionGuid = {9C26CDA9-B61A-421A-A9DF-2AC5A7464EAE}
	EndGlobalSection
EndGlobal
